
Microsoft Visual Studio Solution File, Format Version 12.00
# Visual Studio Version 17
VisualStudioVersion = 17.6.33815.320
MinimumVisualStudioVersion = 10.0.40219.1
Project("{FAE04EC0-301F-11D3-BF4B-00C04F79EFBC}") = "Day17Exercise", "Day17Exercise.csproj", "{369D298D-0D42-4095-9184-8A74D0654770}"
EndProject
Global
	GlobalSection(SolutionConfigurationPlatforms) = preSolution
		Debug|Any CPU = Debug|Any CPU
		Release|Any CPU = Release|Any CPU
	EndGlobalSection
	GlobalSection(ProjectConfigurationPlatforms) = postSolution
		{369D298D-0D42-4095-9184-8A74D0654770}.Debug|Any CPU.ActiveCfg = Debug|Any CPU
		{369D298D-0D42-4095-9184-8A74D0654770}.Debug|Any CPU.Build.0 = Debug|Any CPU
		{369D298D-0D42-4095-9184-8A74D0654770}.Release|Any CPU.ActiveCfg = Release|Any CPU
		{369D298D-0D42-4095-9184-8A74D0654770}.Release|Any CPU.Build.0 = Release|Any CPU
	EndGlobalSection
	GlobalSection(SolutionProperties) = preSolution
		HideSolutionNode = FALSE
	EndGlobalSection
	GlobalSection(ExtensibilityGlobals) = postSolution
		SolutionGuid = {7EF51EB4-69FA-4209-9850-5FCE4EA146CB}
	EndGlobalSection
EndGlobal
