
Microsoft Visual Studio Solution File, Format Version 12.00
# Visual Studio Version 17
VisualStudioVersion = 17.6.33815.320
MinimumVisualStudioVersion = 10.0.40219.1
Project("{FAE04EC0-301F-11D3-BF4B-00C04F79EFBC}") = "Day 11 Exercise", "Day 11 Exercise.csproj", "{9238CAAC-3E43-4E63-8E69-920313E8EDA4}"
EndProject
Global
	GlobalSection(SolutionConfigurationPlatforms) = preSolution
		Debug|Any CPU = Debug|Any CPU
		Release|Any CPU = Release|Any CPU
	EndGlobalSection
	GlobalSection(ProjectConfigurationPlatforms) = postSolution
		{9238CAAC-3E43-4E63-8E69-920313E8EDA4}.Debug|Any CPU.ActiveCfg = Debug|Any CPU
		{9238CAAC-3E43-4E63-8E69-920313E8EDA4}.Debug|Any CPU.Build.0 = Debug|Any CPU
		{9238CAAC-3E43-4E63-8E69-920313E8EDA4}.Release|Any CPU.ActiveCfg = Release|Any CPU
		{9238CAAC-3E43-4E63-8E69-920313E8EDA4}.Release|Any CPU.Build.0 = Release|Any CPU
	EndGlobalSection
	GlobalSection(SolutionProperties) = preSolution
		HideSolutionNode = FALSE
	EndGlobalSection
	GlobalSection(ExtensibilityGlobals) = postSolution
		SolutionGuid = {57B952D9-2993-4E62-99E7-6577DA119947}
	EndGlobalSection
EndGlobal
